{
  "name": "MiaokitJS",
  "version": "2020.1.0",
  "lockfileVersion": 1,
  "requires": true,
  "dependencies": {
    "@antv/adjust": {
      "version": "0.2.2",
      "resolved": "https://registry.npm.taobao.org/@antv/adjust/download/@antv/adjust-0.2.2.tgz?cache=0&sync_timestamp=1582683792170&other_urls=https%3A%2F%2Fregistry.npm.taobao.org%2F%40antv%2Fadjust%2Fdownload%2F%40antv%2Fadjust-0.2.2.tgz",
      "integrity": "sha1-Vp/5NyE9FKgDsX8FTL4dsGgFxQg=",
      "requires": {
        "@antv/util": "~2.0.0",
        "tslib": "^1.10.0"
      }
    },
    "@antv/attr": {
      "version": "0.3.2",
      "resolved": "https://registry.npm.taobao.org/@antv/attr/download/@antv/attr-0.3.2.tgz?cache=0&sync_timestamp=1580873452521&other_urls=https%3A%2F%2Fregistry.npm.taobao.org%2F%40antv%2Fattr%2Fdownload%2F%40antv%2Fattr-0.3.2.tgz",
      "integrity": "sha1-5YZrZIcMYvOpwluKYfZUuiv9oFE=",
      "requires": {
        "@antv/color-util": "^2.0.1",
        "@antv/util": "~2.0.0",
        "tslib": "^1.10.0"
      }
    },
    "@antv/color-util": {
      "version": "2.0.5",
      "resolved": "https://registry.npm.taobao.org/@antv/color-util/download/@antv/color-util-2.0.5.tgz?cache=0&other_urls=https%3A%2F%2Fregistry.npm.taobao.org%2F%40antv%2Fcolor-util%2Fdownload%2F%40antv%2Fcolor-util-2.0.5.tgz",
      "integrity": "sha1-bGwUrShzUmvLpyOAt4GiskNgrG4=",
      "requires": {
        "@antv/util": "^2.0.9",
        "tslib": "^1.10.0"
      }
    },
    "@antv/component": {
      "version": "0.6.1",
      "resolved": "https://registry.npm.taobao.org/@antv/component/download/@antv/component-0.6.1.tgz",
      "integrity": "sha1-/bYk5yuE0HQWOU96HiKEpX8eQQw=",
      "requires": {
        "@antv/dom-util": "~2.0.1",
        "@antv/g-base": "~0.4.0",
        "@antv/matrix-util": "^3.1.0-beta.1",
        "@antv/path-util": "~2.0.7",
        "@antv/scale": "~0.3.1",
        "@antv/util": "~2.0.0",
        "tslib": "^1.10.0"
      }
    },
    "@antv/coord": {
      "version": "0.3.0",
      "resolved": "https://registry.npm.taobao.org/@antv/coord/download/@antv/coord-0.3.0.tgz?cache=0&sync_timestamp=1589264550595&other_urls=https%3A%2F%2Fregistry.npm.taobao.org%2F%40antv%2Fcoord%2Fdownload%2F%40antv%2Fcoord-0.3.0.tgz",
      "integrity": "sha1-RyOc/TVF+Ht6Z6m+2S0SpSnVqZY=",
      "requires": {
        "@antv/matrix-util": "^3.1.0-beta.2",
        "@antv/util": "~2.0.3",
        "tslib": "^1.10.0"
      }
    },
    "@antv/dom-util": {
      "version": "2.0.2",
      "resolved": "https://registry.npm.taobao.org/@antv/dom-util/download/@antv/dom-util-2.0.2.tgz?cache=0&sync_timestamp=1583929206644&other_urls=https%3A%2F%2Fregistry.npm.taobao.org%2F%40antv%2Fdom-util%2Fdownload%2F%40antv%2Fdom-util-2.0.2.tgz",
      "integrity": "sha1-THsKGV4CflVXBDWmglzsVt+wtZA=",
      "requires": {
        "tslib": "^1.10.0"
      }
    },
    "@antv/event-emitter": {
      "version": "0.1.2",
      "resolved": "https://registry.npm.taobao.org/@antv/event-emitter/download/@antv/event-emitter-0.1.2.tgz?cache=0&other_urls=https%3A%2F%2Fregistry.npm.taobao.org%2F%40antv%2Fevent-emitter%2Fdownload%2F%40antv%2Fevent-emitter-0.1.2.tgz",
      "integrity": "sha1-oXt8uG5tBxiA3Gv7IydW+IYk7Lw="
    },
    "@antv/g-base": {
      "version": "0.4.7",
      "resolved": "https://registry.npm.taobao.org/@antv/g-base/download/@antv/g-base-0.4.7.tgz?cache=0&sync_timestamp=1589277986843&other_urls=https%3A%2F%2Fregistry.npm.taobao.org%2F%40antv%2Fg-base%2Fdownload%2F%40antv%2Fg-base-0.4.7.tgz",
      "integrity": "sha1-dpj8TIyzgfK3iaMPvrJrHojEgZY=",
      "requires": {
        "@antv/event-emitter": "^0.1.1",
        "@antv/g-math": "^0.1.3",
        "@antv/matrix-util": "^3.1.0-beta.1",
        "@antv/path-util": "~2.0.5",
        "@antv/util": "~2.0.0",
        "@types/d3-timer": "^1.0.9",
        "d3-ease": "^1.0.5",
        "d3-interpolate": "^1.3.2",
        "d3-timer": "^1.0.9",
        "detect-browser": "^5.1.0"
      }
    },
    "@antv/g-canvas": {
      "version": "0.4.12",
      "resolved": "https://registry.npm.taobao.org/@antv/g-canvas/download/@antv/g-canvas-0.4.12.tgz?cache=0&sync_timestamp=1589277988083&other_urls=https%3A%2F%2Fregistry.npm.taobao.org%2F%40antv%2Fg-canvas%2Fdownload%2F%40antv%2Fg-canvas-0.4.12.tgz",
      "integrity": "sha1-+jPg2ynY+HVykGZgmuEGZTFwBgU=",
      "requires": {
        "@antv/g-base": "^0.4.7",
        "@antv/g-math": "^0.1.3",
        "@antv/path-util": "~2.0.5",
        "@antv/util": "~2.0.0",
        "gl-matrix": "^3.0.0"
      }
    },
    "@antv/g-gesture": {
      "version": "1.0.0",
      "resolved": "https://registry.npm.taobao.org/@antv/g-gesture/download/@antv/g-gesture-1.0.0.tgz",
      "integrity": "sha1-RYaZG3RoUuCJC5Y9cou6N2HWzQU=",
      "requires": {
        "@antv/event-emitter": "~0.1.2",
        "d3-ease": "^1.0.5"
      }
    },
    "@antv/g-math": {
      "version": "0.1.3",
      "resolved": "https://registry.npm.taobao.org/@antv/g-math/download/@antv/g-math-0.1.3.tgz?cache=0&other_urls=https%3A%2F%2Fregistry.npm.taobao.org%2F%40antv%2Fg-math%2Fdownload%2F%40antv%2Fg-math-0.1.3.tgz",
      "integrity": "sha1-iSL0S+90MUZAtZH1NYPBIXtxXA8=",
      "requires": {
        "@antv/util": "~2.0.0",
        "gl-matrix": "^3.0.0"
      }
    },
    "@antv/g-svg": {
      "version": "0.4.7",
      "resolved": "https://registry.npm.taobao.org/@antv/g-svg/download/@antv/g-svg-0.4.7.tgz?cache=0&sync_timestamp=1589277987651&other_urls=https%3A%2F%2Fregistry.npm.taobao.org%2F%40antv%2Fg-svg%2Fdownload%2F%40antv%2Fg-svg-0.4.7.tgz",
      "integrity": "sha1-DWXh2zTm3+YJqts+3fR0jbAvCwE=",
      "requires": {
        "@antv/g-base": "^0.4.7",
        "@antv/g-math": "^0.1.3",
        "@antv/util": "~2.0.0",
        "detect-browser": "^4.6.0"
      },
      "dependencies": {
        "detect-browser": {
          "version": "4.8.0",
          "resolved": "https://registry.npm.taobao.org/detect-browser/download/detect-browser-4.8.0.tgz",
          "integrity": "sha1-HXO9iMF76GaQGVDOCqrh7QYJAsY="
        }
      }
    },
    "@antv/g2": {
      "version": "4.0.8",
      "resolved": "https://registry.npm.taobao.org/@antv/g2/download/@antv/g2-4.0.8.tgz",
      "integrity": "sha1-rcRZ2jaNo2JelCRNvw8L9zvwL+s=",
      "requires": {
        "@antv/adjust": "^0.2.1",
        "@antv/attr": "^0.3.1",
        "@antv/color-util": "^2.0.2",
        "@antv/component": "^0.6.0",
        "@antv/coord": "^0.3.0",
        "@antv/event-emitter": "~0.1.0",
        "@antv/g-base": "^0.4.3",
        "@antv/g-canvas": "^0.4.0",
        "@antv/g-svg": "^0.4.0",
        "@antv/matrix-util": "^3.1.0-beta.1",
        "@antv/path-util": "^2.0.3",
        "@antv/scale": "^0.3.1",
        "@antv/util": "~2.0.5",
        "tslib": "^2.0.0"
      },
      "dependencies": {
        "tslib": {
          "version": "2.0.0",
          "resolved": "https://registry.npm.taobao.org/tslib/download/tslib-2.0.0.tgz",
          "integrity": "sha1-GNE/wtzgQFHiDwdMyDh/2Aic5PM="
        }
      }
    },
    "@antv/g2plot": {
      "version": "1.1.4",
      "resolved": "https://registry.npm.taobao.org/@antv/g2plot/download/@antv/g2plot-1.1.4.tgz",
      "integrity": "sha1-fBYDxeWGnBNjbOEBhgY+Ev2iwEs=",
      "requires": {
        "@antv/component": "~0.6.1",
        "@antv/coord": "~0.3.0",
        "@antv/dom-util": "~2.0.2",
        "@antv/event-emitter": "~0.1.2",
        "@antv/g-base": "~0.4.0",
        "@antv/g-canvas": "~0.4.0",
        "@antv/g-gesture": "~1.0.0",
        "@antv/g-svg": "~0.4.0",
        "@antv/g2": "~4.0.8",
        "@antv/matrix-util": "~3.1.0-beta.1",
        "@antv/scale": "~0.3.1",
        "@antv/util": "~2.0.7",
        "d3-regression": "~1.3.4",
        "resize-observer-polyfill": "^1.5.1",
        "tslib": "^1.11.1",
        "warning": "^4.0.3"
      },
      "dependencies": {
        "warning": {
          "version": "4.0.3",
          "resolved": "https://registry.npm.taobao.org/warning/download/warning-4.0.3.tgz?cache=0&other_urls=https%3A%2F%2Fregistry.npm.taobao.org%2Fwarning%2Fdownload%2Fwarning-4.0.3.tgz",
          "integrity": "sha1-Fungd+uKhtavfWSqHgX9hbRnjKM=",
          "requires": {
            "loose-envify": "^1.0.0"
          }
        }
      }
    },
    "@antv/matrix-util": {
      "version": "3.1.0-beta.2",
      "resolved": "https://registry.npm.taobao.org/@antv/matrix-util/download/@antv/matrix-util-3.1.0-beta.2.tgz?cache=0&sync_timestamp=1589262568935&other_urls=https%3A%2F%2Fregistry.npm.taobao.org%2F%40antv%2Fmatrix-util%2Fdownload%2F%40antv%2Fmatrix-util-3.1.0-beta.2.tgz",
      "integrity": "sha1-tK+vtw299Sr/yjCNNUbIoJD9I8o=",
      "requires": {
        "@antv/util": "^2.0.9",
        "gl-matrix": "^3.3.0",
        "tslib": "^1.10.0"
      }
    },
    "@antv/path-util": {
      "version": "2.0.8",
      "resolved": "https://registry.npm.taobao.org/@antv/path-util/download/@antv/path-util-2.0.8.tgz?cache=0&other_urls=https%3A%2F%2Fregistry.npm.taobao.org%2F%40antv%2Fpath-util%2Fdownload%2F%40antv%2Fpath-util-2.0.8.tgz",
      "integrity": "sha1-m8VNK3GYqtmIqcxKbekFTyaRm4Q=",
      "requires": {
        "@antv/util": "^2.0.9",
        "tslib": "^1.10.0"
      }
    },
    "@antv/scale": {
      "version": "0.3.1",
      "resolved": "https://registry.npm.taobao.org/@antv/scale/download/@antv/scale-0.3.1.tgz?cache=0&sync_timestamp=1584003708448&other_urls=https%3A%2F%2Fregistry.npm.taobao.org%2F%40antv%2Fscale%2Fdownload%2F%40antv%2Fscale-0.3.1.tgz",
      "integrity": "sha1-8QiFgnXKjCfXrz6zdXq3PyY2KZw=",
      "requires": {
        "@antv/util": "~2.0.3",
        "fecha": "~3.0.3",
        "tslib": "^1.10.0"
      }
    },
    "@antv/util": {
      "version": "2.0.9",
      "resolved": "https://registry.npm.taobao.org/@antv/util/download/@antv/util-2.0.9.tgz?cache=0&other_urls=https%3A%2F%2Fregistry.npm.taobao.org%2F%40antv%2Futil%2Fdownload%2F%40antv%2Futil-2.0.9.tgz",
      "integrity": "sha1-vT4pajkuEfvieB/eOdjnC6HFPtA=",
      "requires": {
        "tslib": "^1.10.0"
      }
    },
    "@types/d3-timer": {
      "version": "1.0.9",
      "resolved": "https://registry.npm.taobao.org/@types/d3-timer/download/@types/d3-timer-1.0.9.tgz",
      "integrity": "sha1-rtG94M8Ykg0z9dRIOdc945NjP9M="
    },
    "@types/history": {
      "version": "4.7.5",
      "resolved": "https://registry.npm.taobao.org/@types/history/download/@types/history-4.7.5.tgz",
      "integrity": "sha1-Un0g72hXGkrwLtdDUBZOemdUSGA="
    },
    "@types/jquery": {
      "version": "1.10.27",
      "resolved": "https://registry.npm.taobao.org/@types/jquery/download/@types/jquery-1.10.27.tgz?cache=0&sync_timestamp=1582451933341&other_urls=https%3A%2F%2Fregistry.npm.taobao.org%2F%40types%2Fjquery%2Fdownload%2F%40types%2Fjquery-1.10.27.tgz",
      "integrity": "sha1-Se9TX4lVlAh2EmGpzSMlLLtuN0s="
    },
    "@types/jquerymobile": {
      "version": "1.4.30",
      "resolved": "https://registry.npm.taobao.org/@types/jquerymobile/download/@types/jquerymobile-1.4.30.tgz",
      "integrity": "sha1-TnHbXMXLCM83z+rkbd0hp20cCGM=",
      "requires": {
        "@types/jquery": "*"
      }
    },
    "@types/prop-types": {
      "version": "15.7.3",
      "resolved": "https://registry.npm.taobao.org/@types/prop-types/download/@types/prop-types-15.7.3.tgz",
      "integrity": "sha1-KrDV2i5YFflLC51LldHl8kOrLKc="
    },
    "@types/react": {
      "version": "16.9.0",
      "resolved": "https://registry.npm.taobao.org/@types/react/download/@types/react-16.9.0.tgz?cache=0&sync_timestamp=1580843691560&other_urls=https%3A%2F%2Fregistry.npm.taobao.org%2F%40types%2Freact%2Fdownload%2F%40types%2Freact-16.9.0.tgz",
      "integrity": "sha1-J0NPFtiJozXrRibR8eZ+2lQDnls=",
      "requires": {
        "@types/prop-types": "*",
        "csstype": "^2.2.0"
      }
    },
    "@types/react-dom": {
      "version": "16.9.0",
      "resolved": "https://registry.npm.taobao.org/@types/react-dom/download/@types/react-dom-16.9.0.tgz?cache=0&sync_timestamp=1580843758523&other_urls=https%3A%2F%2Fregistry.npm.taobao.org%2F%40types%2Freact-dom%2Fdownload%2F%40types%2Freact-dom-16.9.0.tgz",
      "integrity": "sha1-um3bAL9d5wCw65HapFIIH/zL/eo=",
      "requires": {
        "@types/react": "*"
      }
    },
    "@types/react-router": {
      "version": "5.1.2",
      "resolved": "https://registry.npm.taobao.org/@types/react-router/download/@types/react-router-5.1.2.tgz",
      "integrity": "sha1-QeXmqjM6e5or/ax1PAThyks+DSE=",
      "requires": {
        "@types/history": "*",
        "@types/react": "*"
      }
    },
    "@types/react-router-dom": {
      "version": "5.1.2",
      "resolved": "https://registry.npm.taobao.org/@types/react-router-dom/download/@types/react-router-dom-5.1.2.tgz",
      "integrity": "sha1-hT8inx8pdRPAvoT3yRSgi3eM/fU=",
      "requires": {
        "@types/history": "*",
        "@types/react": "*",
        "@types/react-router": "*"
      }
    },
    "add-dom-event-listener": {
      "version": "1.1.0",
      "resolved": "https://registry.npm.taobao.org/add-dom-event-listener/download/add-dom-event-listener-1.1.0.tgz",
      "integrity": "sha1-apLbOg3Qq8JU4JXA8dwUrLuq4xA=",
      "requires": {
        "object-assign": "4.x"
      }
    },
    "antd-mobile": {
      "version": "2.3.1",
      "resolved": "https://registry.npm.taobao.org/antd-mobile/download/antd-mobile-2.3.1.tgz",
      "integrity": "sha1-BNhwnBmO7ifDxBuQPLKtd6FgKOM=",
      "requires": {
        "array-tree-filter": "~2.1.0",
        "babel-runtime": "6.x",
        "classnames": "^2.2.1",
        "normalize.css": "^7.0.0",
        "rc-checkbox": "~2.0.0",
        "rc-collapse": "~1.9.1",
        "rc-slider": "~8.2.0",
        "rc-swipeout": "~2.0.0",
        "rmc-calendar": "^1.0.0",
        "rmc-cascader": "~5.0.0",
        "rmc-date-picker": "^6.0.8",
        "rmc-dialog": "^1.0.1",
        "rmc-drawer": "^0.4.11",
        "rmc-feedback": "^2.0.0",
        "rmc-input-number": "^1.0.0",
        "rmc-list-view": "^0.11.0",
        "rmc-notification": "~1.0.0",
        "rmc-nuka-carousel": "~3.0.0",
        "rmc-picker": "~5.0.0",
        "rmc-pull-to-refresh": "~1.0.1",
        "rmc-steps": "~1.0.0",
        "rmc-tabs": "~1.2.0",
        "rmc-tooltip": "~1.0.0"
      }
    },
    "array-tree-filter": {
      "version": "2.1.0",
      "resolved": "https://registry.npm.taobao.org/array-tree-filter/download/array-tree-filter-2.1.0.tgz",
      "integrity": "sha1-hzrAD+yDdJ8lWsjdCDgUtPYykZA="
    },
    "asap": {
      "version": "2.0.6",
      "resolved": "https://registry.npm.taobao.org/asap/download/asap-2.0.6.tgz",
      "integrity": "sha1-5QNHYR1+aQlDIIu9r+vLwvuGbUY="
    },
    "babel-runtime": {
      "version": "6.26.0",
      "resolved": "https://registry.npm.taobao.org/babel-runtime/download/babel-runtime-6.26.0.tgz",
      "integrity": "sha1-llxwWGaOgrVde/4E/yM3vItWR/4=",
      "requires": {
        "core-js": "^2.4.0",
        "regenerator-runtime": "^0.11.0"
      }
    },
    "classnames": {
      "version": "2.2.6",
      "resolved": "https://registry.npm.taobao.org/classnames/download/classnames-2.2.6.tgz",
      "integrity": "sha1-Q5Nb/90pHzJtrQogUwmzjQD2UM4="
    },
    "component-classes": {
      "version": "1.2.6",
      "resolved": "https://registry.npm.taobao.org/component-classes/download/component-classes-1.2.6.tgz",
      "integrity": "sha1-xkI5TDYYpNiwuJGe/Mu9kw5c1pE=",
      "requires": {
        "component-indexof": "0.0.3"
      }
    },
    "component-indexof": {
      "version": "0.0.3",
      "resolved": "https://registry.npm.taobao.org/component-indexof/download/component-indexof-0.0.3.tgz",
      "integrity": "sha1-EdCRMSI5648yyPJa6csAL/6NPCQ="
    },
    "core-js": {
      "version": "2.6.11",
      "resolved": "https://registry.npm.taobao.org/core-js/download/core-js-2.6.11.tgz?cache=0&sync_timestamp=1578957195899&other_urls=https%3A%2F%2Fregistry.npm.taobao.org%2Fcore-js%2Fdownload%2Fcore-js-2.6.11.tgz",
      "integrity": "sha1-OIMUafmSK97Y7iHJ3EaYXgOZMIw="
    },
    "create-react-class": {
      "version": "15.6.3",
      "resolved": "https://registry.npm.taobao.org/create-react-class/download/create-react-class-15.6.3.tgz",
      "integrity": "sha1-LXMjf7P5cK5uvgEanmb0bbyoADY=",
      "requires": {
        "fbjs": "^0.8.9",
        "loose-envify": "^1.3.1",
        "object-assign": "^4.1.1"
      }
    },
    "css-animation": {
      "version": "1.6.1",
      "resolved": "https://registry.npm.taobao.org/css-animation/download/css-animation-1.6.1.tgz",
      "integrity": "sha1-FiBko7DVH5WLf/N7PW1N4Y4XA54=",
      "requires": {
        "babel-runtime": "6.x",
        "component-classes": "^1.2.5"
      }
    },
    "csstype": {
      "version": "2.6.8",
      "resolved": "https://registry.npm.taobao.org/csstype/download/csstype-2.6.8.tgz?cache=0&other_urls=https%3A%2F%2Fregistry.npm.taobao.org%2Fcsstype%2Fdownload%2Fcsstype-2.6.8.tgz",
      "integrity": "sha1-D7b8JBf/0oFqQYyTNtp01/B9tDE="
    },
    "d3-color": {
      "version": "1.4.1",
      "resolved": "https://registry.npm.taobao.org/d3-color/download/d3-color-1.4.1.tgz",
      "integrity": "sha1-xSACv4hGraRCTVXZeYL+8m6zvIo="
    },
    "d3-ease": {
      "version": "1.0.6",
      "resolved": "https://registry.npm.taobao.org/d3-ease/download/d3-ease-1.0.6.tgz",
      "integrity": "sha1-69ttoi36wKIiIvLU2gb2bEFqDsA="
    },
    "d3-interpolate": {
      "version": "1.4.0",
      "resolved": "https://registry.npm.taobao.org/d3-interpolate/download/d3-interpolate-1.4.0.tgz",
      "integrity": "sha1-Um554tgNqjg/ngwcHH3MDwWD6Yc=",
      "requires": {
        "d3-color": "1"
      }
    },
    "d3-regression": {
      "version": "1.3.4",
      "resolved": "https://registry.npm.taobao.org/d3-regression/download/d3-regression-1.3.4.tgz",
      "integrity": "sha1-o0FLGr5aINRqII2V5WWkGL6aDiM="
    },
    "d3-timer": {
      "version": "1.0.10",
      "resolved": "https://registry.npm.taobao.org/d3-timer/download/d3-timer-1.0.10.tgz",
      "integrity": "sha1-3+dripF0iDGxO22ceT/71QjdneU="
    },
    "detect-browser": {
      "version": "5.1.0",
      "resolved": "https://registry.npm.taobao.org/detect-browser/download/detect-browser-5.1.0.tgz",
      "integrity": "sha1-DFHGa3R62PmKaDK/MCalojp4UP8="
    },
    "dom-align": {
      "version": "1.11.1",
      "resolved": "https://registry.npm.taobao.org/dom-align/download/dom-align-1.11.1.tgz?cache=0&sync_timestamp=1584440792731&other_urls=https%3A%2F%2Fregistry.npm.taobao.org%2Fdom-align%2Fdownload%2Fdom-align-1.11.1.tgz",
      "integrity": "sha1-dZK+maZgo2ze3B1u6yK4EJ11jK4="
    },
    "dom7": {
      "version": "2.1.3",
      "resolved": "https://registry.npm.taobao.org/dom7/download/dom7-2.1.3.tgz",
      "integrity": "sha1-pzb5w7+8TKA5qBzQlfl9HX894Zw=",
      "requires": {
        "ssr-window": "^1.0.1"
      }
    },
    "encoding": {
      "version": "0.1.12",
      "resolved": "https://registry.npm.taobao.org/encoding/download/encoding-0.1.12.tgz",
      "integrity": "sha1-U4tm8+5izRq1HsMjgp0flIDHS+s=",
      "requires": {
        "iconv-lite": "~0.4.13"
      }
    },
    "exenv": {
      "version": "1.2.2",
      "resolved": "https://registry.npm.taobao.org/exenv/download/exenv-1.2.2.tgz",
      "integrity": "sha1-KueOhdmJQVhnCwPUe+wfA72Ru50="
    },
    "fbjs": {
      "version": "0.8.17",
      "resolved": "https://registry.npm.taobao.org/fbjs/download/fbjs-0.8.17.tgz",
      "integrity": "sha1-xNWY6taUkRJlPWWIsBpc3Nn5D90=",
      "requires": {
        "core-js": "^1.0.0",
        "isomorphic-fetch": "^2.1.1",
        "loose-envify": "^1.0.0",
        "object-assign": "^4.1.0",
        "promise": "^7.1.1",
        "setimmediate": "^1.0.5",
        "ua-parser-js": "^0.7.18"
      },
      "dependencies": {
        "core-js": {
          "version": "1.2.7",
          "resolved": "https://registry.npm.taobao.org/core-js/download/core-js-1.2.7.tgz?cache=0&sync_timestamp=1578957195899&other_urls=https%3A%2F%2Fregistry.npm.taobao.org%2Fcore-js%2Fdownload%2Fcore-js-1.2.7.tgz",
          "integrity": "sha1-ZSKUwUZR2yj6k70tX/KYOk8IxjY="
        }
      }
    },
    "fecha": {
      "version": "3.0.3",
      "resolved": "https://registry.npm.taobao.org/fecha/download/fecha-3.0.3.tgz",
      "integrity": "sha1-+rvUFkl2SaQsJNNL+nJrV5IDoeI="
    },
    "gl-matrix": {
      "version": "3.3.0",
      "resolved": "https://registry.npm.taobao.org/gl-matrix/download/gl-matrix-3.3.0.tgz?cache=0&sync_timestamp=1585732501335&other_urls=https%3A%2F%2Fregistry.npm.taobao.org%2Fgl-matrix%2Fdownload%2Fgl-matrix-3.3.0.tgz",
      "integrity": "sha1-Iy7vYLHIswooy751ssr2xI/WNYs="
    },
    "iconv-lite": {
      "version": "0.4.24",
      "resolved": "https://registry.npm.taobao.org/iconv-lite/download/iconv-lite-0.4.24.tgz?cache=0&sync_timestamp=1579333981154&other_urls=https%3A%2F%2Fregistry.npm.taobao.org%2Ficonv-lite%2Fdownload%2Ficonv-lite-0.4.24.tgz",
      "integrity": "sha1-ICK0sl+93CHS9SSXSkdKr+czkIs=",
      "requires": {
        "safer-buffer": ">= 2.1.2 < 3"
      }
    },
    "is-stream": {
      "version": "1.1.0",
      "resolved": "https://registry.npm.taobao.org/is-stream/download/is-stream-1.1.0.tgz",
      "integrity": "sha1-EtSj3U5o4Lec6428hBc66A2RykQ="
    },
    "isomorphic-fetch": {
      "version": "2.2.1",
      "resolved": "https://registry.npm.taobao.org/isomorphic-fetch/download/isomorphic-fetch-2.2.1.tgz?cache=0&other_urls=https%3A%2F%2Fregistry.npm.taobao.org%2Fisomorphic-fetch%2Fdownload%2Fisomorphic-fetch-2.2.1.tgz",
      "integrity": "sha1-YRrhrPFPXoH3KVB0coGf6XM1WKk=",
      "requires": {
        "node-fetch": "^1.0.1",
        "whatwg-fetch": ">=0.10.0"
      }
    },
    "js-tokens": {
      "version": "4.0.0",
      "resolved": "https://registry.npm.taobao.org/js-tokens/download/js-tokens-4.0.0.tgz",
      "integrity": "sha1-GSA/tZmR35jjoocFDUZHzerzJJk="
    },
    "loose-envify": {
      "version": "1.4.0",
      "resolved": "https://registry.npm.taobao.org/loose-envify/download/loose-envify-1.4.0.tgz",
      "integrity": "sha1-ce5R+nvkyuwaY4OffmgtgTLTDK8=",
      "requires": {
        "js-tokens": "^3.0.0 || ^4.0.0"
      }
    },
    "node-fetch": {
      "version": "1.7.3",
      "resolved": "https://registry.npm.taobao.org/node-fetch/download/node-fetch-1.7.3.tgz",
      "integrity": "sha1-mA9vcthSEaU0fGsrwYxbhMPrR+8=",
      "requires": {
        "encoding": "^0.1.11",
        "is-stream": "^1.0.1"
      }
    },
    "normalize.css": {
      "version": "7.0.0",
      "resolved": "https://registry.npm.taobao.org/normalize.css/download/normalize.css-7.0.0.tgz",
      "integrity": "sha1-q/sd2CRwZ04DIrU86xqvQSk45L8="
    },
    "object-assign": {
      "version": "4.1.1",
      "resolved": "https://registry.npm.taobao.org/object-assign/download/object-assign-4.1.1.tgz",
      "integrity": "sha1-IQmtx5ZYh8/AXLvUQsrIv7s2CGM="
    },
    "performance-now": {
      "version": "2.1.0",
      "resolved": "https://registry.npm.taobao.org/performance-now/download/performance-now-2.1.0.tgz",
      "integrity": "sha1-Ywn04OX6kT7BxpMHrjZLSzd8nns="
    },
    "promise": {
      "version": "7.3.1",
      "resolved": "https://registry.npm.taobao.org/promise/download/promise-7.3.1.tgz",
      "integrity": "sha1-BktyYCsY+Q8pGSuLG8QY/9Hr078=",
      "requires": {
        "asap": "~2.0.3"
      }
    },
    "prop-types": {
      "version": "15.7.2",
      "resolved": "https://registry.npm.taobao.org/prop-types/download/prop-types-15.7.2.tgz",
      "integrity": "sha1-UsQedbjIfnK52TYOAga5ncv/psU=",
      "requires": {
        "loose-envify": "^1.4.0",
        "object-assign": "^4.1.1",
        "react-is": "^16.8.1"
      }
    },
    "raf": {
      "version": "3.4.1",
      "resolved": "https://registry.npm.taobao.org/raf/download/raf-3.4.1.tgz?cache=0&other_urls=https%3A%2F%2Fregistry.npm.taobao.org%2Fraf%2Fdownload%2Fraf-3.4.1.tgz",
      "integrity": "sha1-B0LpmkplUvRF1z4+4DKK8P8e3jk=",
      "requires": {
        "performance-now": "^2.1.0"
      }
    },
    "rc-align": {
      "version": "2.4.5",
      "resolved": "https://registry.npm.taobao.org/rc-align/download/rc-align-2.4.5.tgz?cache=0&sync_timestamp=1578313552162&other_urls=https%3A%2F%2Fregistry.npm.taobao.org%2Frc-align%2Fdownload%2Frc-align-2.4.5.tgz",
      "integrity": "sha1-yUGlhvWdEBfyOkKPC0aGY/txAqs=",
      "requires": {
        "babel-runtime": "^6.26.0",
        "dom-align": "^1.7.0",
        "prop-types": "^15.5.8",
        "rc-util": "^4.0.4"
      }
    },
    "rc-animate": {
      "version": "2.10.3",
      "resolved": "https://registry.npm.taobao.org/rc-animate/download/rc-animate-2.10.3.tgz",
      "integrity": "sha1-Fj1eKSgaT/gtU+55GO7qyFa3Vvk=",
      "requires": {
        "babel-runtime": "6.x",
        "classnames": "^2.2.6",
        "css-animation": "^1.3.2",
        "prop-types": "15.x",
        "raf": "^3.4.0",
        "rc-util": "^4.15.3",
        "react-lifecycles-compat": "^3.0.4"
      }
    },
    "rc-checkbox": {
      "version": "2.0.3",
      "resolved": "https://registry.npm.taobao.org/rc-checkbox/download/rc-checkbox-2.0.3.tgz",
      "integrity": "sha1-Q2qdUIlI4iSYDwU16nOLSBd6jyU=",
      "requires": {
        "babel-runtime": "^6.23.0",
        "classnames": "2.x",
        "prop-types": "15.x",
        "rc-util": "^4.0.4"
      }
    },
    "rc-collapse": {
      "version": "1.9.3",
      "resolved": "https://registry.npm.taobao.org/rc-collapse/download/rc-collapse-1.9.3.tgz?cache=0&sync_timestamp=1577417298933&other_urls=https%3A%2F%2Fregistry.npm.taobao.org%2Frc-collapse%2Fdownload%2Frc-collapse-1.9.3.tgz",
      "integrity": "sha1-2XQdsGqCM1Ph/RrsO6TA+divSyY=",
      "requires": {
        "classnames": "2.x",
        "css-animation": "1.x",
        "prop-types": "^15.5.6",
        "rc-animate": "2.x"
      }
    },
    "rc-gesture": {
      "version": "0.0.22",
      "resolved": "https://registry.npm.taobao.org/rc-gesture/download/rc-gesture-0.0.22.tgz",
      "integrity": "sha1-+8vdW0Y4epeLPt5ItCdI6P933d0=",
      "requires": {
        "babel-runtime": "6.x"
      }
    },
    "rc-slider": {
      "version": "8.2.0",
      "resolved": "https://registry.npm.taobao.org/rc-slider/download/rc-slider-8.2.0.tgz",
      "integrity": "sha1-rjfRcUTK1g4dpurA7k/8/qCwpug=",
      "requires": {
        "babel-runtime": "6.x",
        "classnames": "^2.2.5",
        "prop-types": "^15.5.4",
        "rc-tooltip": "^3.4.2",
        "rc-util": "^4.0.4",
        "shallowequal": "^1.0.1",
        "warning": "^3.0.0"
      }
    },
    "rc-swipeout": {
      "version": "2.0.11",
      "resolved": "https://registry.npm.taobao.org/rc-swipeout/download/rc-swipeout-2.0.11.tgz",
      "integrity": "sha1-362cezihXqA3bjnLM1bjb+16QVU=",
      "requires": {
        "babel-runtime": "6.x",
        "classnames": "2.x",
        "rc-gesture": "~0.0.22",
        "react-native-swipeout": "^2.2.2"
      }
    },
    "rc-tooltip": {
      "version": "3.7.3",
      "resolved": "https://registry.npm.taobao.org/rc-tooltip/download/rc-tooltip-3.7.3.tgz",
      "integrity": "sha1-KArsavyqROjf8EgPuv+eh/wArsw=",
      "requires": {
        "babel-runtime": "6.x",
        "prop-types": "^15.5.8",
        "rc-trigger": "^2.2.2"
      }
    },
    "rc-trigger": {
      "version": "2.6.5",
      "resolved": "https://registry.npm.taobao.org/rc-trigger/download/rc-trigger-2.6.5.tgz",
      "integrity": "sha1-FAqFfPKL0PoBua7LHialCnAOmIU=",
      "requires": {
        "babel-runtime": "6.x",
        "classnames": "^2.2.6",
        "prop-types": "15.x",
        "rc-align": "^2.4.0",
        "rc-animate": "2.x",
        "rc-util": "^4.4.0",
        "react-lifecycles-compat": "^3.0.4"
      }
    },
    "rc-util": {
      "version": "4.20.1",
      "resolved": "https://registry.npm.taobao.org/rc-util/download/rc-util-4.20.1.tgz?cache=0&sync_timestamp=1583727792710&other_urls=https%3A%2F%2Fregistry.npm.taobao.org%2Frc-util%2Fdownload%2Frc-util-4.20.1.tgz",
      "integrity": "sha1-pZduq/wxmO2bjnn/uMU8Ix2zbnc=",
      "requires": {
        "add-dom-event-listener": "^1.1.0",
        "babel-runtime": "6.x",
        "prop-types": "^15.5.10",
        "react-is": "^16.12.0",
        "react-lifecycles-compat": "^3.0.4",
        "shallowequal": "^1.1.0"
      }
    },
    "react-is": {
      "version": "16.13.1",
      "resolved": "https://registry.npm.taobao.org/react-is/download/react-is-16.13.1.tgz",
      "integrity": "sha1-eJcppNw23imZ3BVt1sHZwYzqVqQ="
    },
    "react-lifecycles-compat": {
      "version": "3.0.4",
      "resolved": "https://registry.npm.taobao.org/react-lifecycles-compat/download/react-lifecycles-compat-3.0.4.tgz",
      "integrity": "sha1-TxonOv38jzSIqMUWv9p4+HI1I2I="
    },
    "react-native-swipeout": {
      "version": "2.3.6",
      "resolved": "https://registry.npm.taobao.org/react-native-swipeout/download/react-native-swipeout-2.3.6.tgz",
      "integrity": "sha1-R9rIqDWCXPPy7vnklVdKPZq20/o=",
      "requires": {
        "create-react-class": "^15.6.0",
        "prop-types": "^15.5.10",
        "react-tween-state": "^0.1.5"
      }
    },
    "react-tween-state": {
      "version": "0.1.5",
      "resolved": "https://registry.npm.taobao.org/react-tween-state/download/react-tween-state-0.1.5.tgz",
      "integrity": "sha1-6YsGZVHvuTy5LdG+FJlcLj3q4zk=",
      "requires": {
        "raf": "^3.1.0",
        "tween-functions": "^1.0.1"
      }
    },
    "reactjs-swiper": {
      "version": "0.1.0",
      "resolved": "https://registry.npm.taobao.org/reactjs-swiper/download/reactjs-swiper-0.1.0.tgz",
      "integrity": "sha1-ONLbxP/oluy3KTZDR1VVgozggPE=",
      "requires": {
        "swiper": "^3.4.2"
      },
      "dependencies": {
        "swiper": {
          "version": "3.4.2",
          "resolved": "https://registry.npm.taobao.org/swiper/download/swiper-3.4.2.tgz?cache=0&sync_timestamp=1586540109628&other_urls=https%3A%2F%2Fregistry.npm.taobao.org%2Fswiper%2Fdownload%2Fswiper-3.4.2.tgz",
          "integrity": "sha1-Oda0ELGjmDPh9y07cpmd9fXjg5I="
        }
      }
    },
    "regenerator-runtime": {
      "version": "0.11.1",
      "resolved": "https://registry.npm.taobao.org/regenerator-runtime/download/regenerator-runtime-0.11.1.tgz?cache=0&sync_timestamp=1584052597708&other_urls=https%3A%2F%2Fregistry.npm.taobao.org%2Fregenerator-runtime%2Fdownload%2Fregenerator-runtime-0.11.1.tgz",
      "integrity": "sha1-vgWtf5v30i4Fb5cmzuUBf78Z4uk="
    },
    "resize-observer-polyfill": {
      "version": "1.5.1",
      "resolved": "https://registry.npm.taobao.org/resize-observer-polyfill/download/resize-observer-polyfill-1.5.1.tgz",
      "integrity": "sha1-DpAg3T0hAkRY1OvSfiPkAmmBBGQ="
    },
    "rmc-align": {
      "version": "1.0.0",
      "resolved": "https://registry.npm.taobao.org/rmc-align/download/rmc-align-1.0.0.tgz",
      "integrity": "sha1-jWSrSEYJoEGrQkUGASoVt8W5M90=",
      "requires": {
        "babel-runtime": "6.x",
        "dom-align": "1.x",
        "rc-util": "4.x"
      }
    },
    "rmc-calendar": {
      "version": "1.1.4",
      "resolved": "https://registry.npm.taobao.org/rmc-calendar/download/rmc-calendar-1.1.4.tgz",
      "integrity": "sha1-fbSZAIeHfNSad3L0Uk0zuAFtO9I=",
      "requires": {
        "babel-runtime": "^6.26.0",
        "rc-animate": "^2.4.4",
        "rmc-date-picker": "^6.0.8"
      }
    },
    "rmc-cascader": {
      "version": "5.0.3",
      "resolved": "https://registry.npm.taobao.org/rmc-cascader/download/rmc-cascader-5.0.3.tgz",
      "integrity": "sha1-xgWx6sZhPkxUqmrtLLrn+cWoxl8=",
      "requires": {
        "array-tree-filter": "2.1.x",
        "babel-runtime": "6.x",
        "rmc-picker": "~5.0.0"
      }
    },
    "rmc-date-picker": {
      "version": "6.0.10",
      "resolved": "https://registry.npm.taobao.org/rmc-date-picker/download/rmc-date-picker-6.0.10.tgz",
      "integrity": "sha1-NNx9/UJCSL4tQ1J0IVdiR8MVg/Y=",
      "requires": {
        "babel-runtime": "6.x",
        "rmc-picker": "~5.0.0"
      }
    },
    "rmc-dialog": {
      "version": "1.1.1",
      "resolved": "https://registry.npm.taobao.org/rmc-dialog/download/rmc-dialog-1.1.1.tgz",
      "integrity": "sha1-HX+8ayytWwtT+6tx/iljbXb3ghc=",
      "requires": {
        "babel-runtime": "6.x",
        "rc-animate": "2.x"
      }
    },
    "rmc-drawer": {
      "version": "0.4.11",
      "resolved": "https://registry.npm.taobao.org/rmc-drawer/download/rmc-drawer-0.4.11.tgz",
      "integrity": "sha1-moxhJaTM03uRbzL36LR30R1BPuM=",
      "requires": {
        "babel-runtime": "6.x",
        "classnames": "^2.2.4",
        "prop-types": "^15.5.10"
      }
    },
    "rmc-feedback": {
      "version": "2.0.0",
      "resolved": "https://registry.npm.taobao.org/rmc-feedback/download/rmc-feedback-2.0.0.tgz",
      "integrity": "sha1-y8bLOuY8emNe7w4l5PuvWsNm7qo=",
      "requires": {
        "babel-runtime": "6.x",
        "classnames": "^2.2.5"
      }
    },
    "rmc-input-number": {
      "version": "1.0.5",
      "resolved": "https://registry.npm.taobao.org/rmc-input-number/download/rmc-input-number-1.0.5.tgz",
      "integrity": "sha1-QuAqJ7DDw2a+n/DOGdgYtx5Ab48=",
      "requires": {
        "babel-runtime": "6.x",
        "classnames": "^2.2.0",
        "rmc-feedback": "^2.0.0"
      }
    },
    "rmc-list-view": {
      "version": "0.11.5",
      "resolved": "https://registry.npm.taobao.org/rmc-list-view/download/rmc-list-view-0.11.5.tgz",
      "integrity": "sha1-jhUqXb7GrsRajM0fM8uO8UC5Oh4=",
      "requires": {
        "babel-runtime": "6.x",
        "classnames": "^2.2.5",
        "fbjs": "^0.8.3",
        "prop-types": "^15.5.8",
        "warning": "^3.0.0",
        "zscroller": "~0.4.0"
      }
    },
    "rmc-notification": {
      "version": "1.0.0",
      "resolved": "https://registry.npm.taobao.org/rmc-notification/download/rmc-notification-1.0.0.tgz",
      "integrity": "sha1-H87pj5m5cz985jqR12Y6V4dD0HU=",
      "requires": {
        "babel-runtime": "6.x",
        "classnames": "2.x",
        "prop-types": "^15.5.8",
        "rc-animate": "2.x",
        "rc-util": "^4.0.4"
      }
    },
    "rmc-nuka-carousel": {
      "version": "3.0.1",
      "resolved": "https://registry.npm.taobao.org/rmc-nuka-carousel/download/rmc-nuka-carousel-3.0.1.tgz",
      "integrity": "sha1-oqmXZ2sPmGNUl22sOexm2HAbS3E=",
      "requires": {
        "exenv": "^1.2.0",
        "raf": "^3.3.2"
      }
    },
    "rmc-picker": {
      "version": "5.0.10",
      "resolved": "https://registry.npm.taobao.org/rmc-picker/download/rmc-picker-5.0.10.tgz?cache=0&sync_timestamp=1562139848690&other_urls=https%3A%2F%2Fregistry.npm.taobao.org%2Frmc-picker%2Fdownload%2Frmc-picker-5.0.10.tgz",
      "integrity": "sha1-nKCs9FrSyK/pAVoQOomENtgl4Y8=",
      "requires": {
        "babel-runtime": "6.x",
        "classnames": "^2.2.6",
        "rmc-dialog": "^1.1.1",
        "rmc-feedback": "^2.0.0"
      }
    },
    "rmc-pull-to-refresh": {
      "version": "1.0.12",
      "resolved": "https://registry.npm.taobao.org/rmc-pull-to-refresh/download/rmc-pull-to-refresh-1.0.12.tgz",
      "integrity": "sha1-YH/XJ6GAtvksXgWhuhkuD+fCZCE=",
      "requires": {
        "babel-runtime": "6.x",
        "classnames": "^2.2.5"
      }
    },
    "rmc-steps": {
      "version": "1.0.0",
      "resolved": "https://registry.npm.taobao.org/rmc-steps/download/rmc-steps-1.0.0.tgz",
      "integrity": "sha1-DFDQ3/nT5y4QGRQwCngZk1UtxSY=",
      "requires": {
        "babel-runtime": "^6.23.0",
        "classnames": "^2.2.3"
      }
    },
    "rmc-tabs": {
      "version": "1.2.29",
      "resolved": "https://registry.npm.taobao.org/rmc-tabs/download/rmc-tabs-1.2.29.tgz",
      "integrity": "sha1-3SGRUl3rv4Uh6FrrbZdnD2UuTIM=",
      "requires": {
        "babel-runtime": "6.x",
        "rc-gesture": "~0.0.18"
      }
    },
    "rmc-tooltip": {
      "version": "1.0.1",
      "resolved": "https://registry.npm.taobao.org/rmc-tooltip/download/rmc-tooltip-1.0.1.tgz",
      "integrity": "sha1-WvFqPo92T6JtKxGTKXW9iLHYSNI=",
      "requires": {
        "babel-runtime": "6.x",
        "rmc-trigger": "1.x"
      }
    },
    "rmc-trigger": {
      "version": "1.0.12",
      "resolved": "https://registry.npm.taobao.org/rmc-trigger/download/rmc-trigger-1.0.12.tgz",
      "integrity": "sha1-NN8QoW8fyPnosU0T1Yyr4pSrdIg=",
      "requires": {
        "babel-runtime": "6.x",
        "rc-animate": "2.x",
        "rc-util": "4.x",
        "rmc-align": "~1.0.0"
      }
    },
    "safer-buffer": {
      "version": "2.1.2",
      "resolved": "https://registry.npm.taobao.org/safer-buffer/download/safer-buffer-2.1.2.tgz",
      "integrity": "sha1-RPoWGwGHuVSd2Eu5GAL5vYOFzWo="
    },
    "setimmediate": {
      "version": "1.0.5",
      "resolved": "https://registry.npm.taobao.org/setimmediate/download/setimmediate-1.0.5.tgz",
      "integrity": "sha1-KQy7Iy4waULX1+qbg3Mqt4VvgoU="
    },
    "shallowequal": {
      "version": "1.1.0",
      "resolved": "https://registry.npm.taobao.org/shallowequal/download/shallowequal-1.1.0.tgz",
      "integrity": "sha1-GI1SHelbkIdAT9TctosT3wrk5/g="
    },
    "ssr-window": {
      "version": "1.0.1",
      "resolved": "https://registry.npm.taobao.org/ssr-window/download/ssr-window-1.0.1.tgz",
      "integrity": "sha1-MHUqakZm53Z/C35qpvwv29DZs2k="
    },
    "swiper": {
      "version": "5.3.7",
      "resolved": "https://registry.npm.taobao.org/swiper/download/swiper-5.3.7.tgz?cache=0&sync_timestamp=1586540109628&other_urls=https%3A%2F%2Fregistry.npm.taobao.org%2Fswiper%2Fdownload%2Fswiper-5.3.7.tgz",
      "integrity": "sha1-E0nAVXMOkkfkSCtyYxFmEZuD9Ak=",
      "requires": {
        "dom7": "^2.1.3",
        "ssr-window": "^1.0.1"
      }
    },
    "tslib": {
      "version": "1.13.0",
      "resolved": "https://registry.npm.taobao.org/tslib/download/tslib-1.13.0.tgz",
      "integrity": "sha1-yIHhPMcBWJTtkUhi0nZDb6mkcEM="
    },
    "tween-functions": {
      "version": "1.2.0",
      "resolved": "https://registry.npm.taobao.org/tween-functions/download/tween-functions-1.2.0.tgz",
      "integrity": "sha1-GuOlDnxguz3vd06scHrLynO7w/8="
    },
    "ua-parser-js": {
      "version": "0.7.21",
      "resolved": "https://registry.npm.taobao.org/ua-parser-js/download/ua-parser-js-0.7.21.tgz?cache=0&other_urls=https%3A%2F%2Fregistry.npm.taobao.org%2Fua-parser-js%2Fdownload%2Fua-parser-js-0.7.21.tgz",
      "integrity": "sha1-hTz5zpP2QvZxdCc8w0Vlrm8wh3c="
    },
    "warning": {
      "version": "3.0.0",
      "resolved": "https://registry.npm.taobao.org/warning/download/warning-3.0.0.tgz?cache=0&other_urls=https%3A%2F%2Fregistry.npm.taobao.org%2Fwarning%2Fdownload%2Fwarning-3.0.0.tgz",
      "integrity": "sha1-MuU3fLVy3kqwR1O9+IIcAe1gW3w=",
      "requires": {
        "loose-envify": "^1.0.0"
      }
    },
    "whatwg-fetch": {
      "version": "3.0.0",
      "resolved": "https://registry.npm.taobao.org/whatwg-fetch/download/whatwg-fetch-3.0.0.tgz?cache=0&other_urls=https%3A%2F%2Fregistry.npm.taobao.org%2Fwhatwg-fetch%2Fdownload%2Fwhatwg-fetch-3.0.0.tgz",
      "integrity": "sha1-/IBORYzEYACbGiuWa8iBfSV4rvs="
    },
    "zscroller": {
      "version": "0.4.8",
      "resolved": "https://registry.npm.taobao.org/zscroller/download/zscroller-0.4.8.tgz?cache=0&sync_timestamp=1584434908726&other_urls=https%3A%2F%2Fregistry.npm.taobao.org%2Fzscroller%2Fdownload%2Fzscroller-0.4.8.tgz",
      "integrity": "sha1-ae7WhpCAju34H5cUAUNWs2zdIPQ=",
      "requires": {
        "babel-runtime": "6.x"
      }
    }
  }
}
