{
  "name": "MiaokitJS",
  "version": "2020.1.0",
  "lockfileVersion": 1,
  "requires": true,
  "dependencies": {
    "@antv/adjust": {
      "version": "0.2.1",
      "resolved": "https://registry.npm.taobao.org/@antv/adjust/download/@antv/adjust-0.2.1.tgz",
      "integrity": "sha1-zTUFFOL0h3AvBSUHJLVUwQVGh/Q=",
      "requires": {
        "@antv/util": "~2.0.0",
        "tslib": "^1.10.0"
      }
    },
    "@antv/attr": {
      "version": "0.3.2",
      "resolved": "https://registry.npm.taobao.org/@antv/attr/download/@antv/attr-0.3.2.tgz?cache=0&sync_timestamp=1580873452521&other_urls=https%3A%2F%2Fregistry.npm.taobao.org%2F%40antv%2Fattr%2Fdownload%2F%40antv%2Fattr-0.3.2.tgz",
      "integrity": "sha1-5YZrZIcMYvOpwluKYfZUuiv9oFE=",
      "requires": {
        "@antv/color-util": "^2.0.1",
        "@antv/util": "~2.0.0",
        "tslib": "^1.10.0"
      }
    },
    "@antv/color-util": {
      "version": "2.0.2",
      "resolved": "https://registry.npm.taobao.org/@antv/color-util/download/@antv/color-util-2.0.2.tgz",
      "integrity": "sha1-4YBziSxH9d5Lu2S29JTm5i6KP8Q=",
      "requires": {
        "@antv/util": "~2.0.0",
        "tslib": "^1.10.0"
      }
    },
    "@antv/component": {
      "version": "0.4.0-beta.13",
      "resolved": "https://registry.npm.taobao.org/@antv/component/download/@antv/component-0.4.0-beta.13.tgz?cache=0&sync_timestamp=1581557037101&other_urls=https%3A%2F%2Fregistry.npm.taobao.org%2F%40antv%2Fcomponent%2Fdownload%2F%40antv%2Fcomponent-0.4.0-beta.13.tgz",
      "integrity": "sha1-6HhS9fY3UCwuU6QPll/Zx6HIPBo=",
      "requires": {
        "@antv/attr": "~0.3.1",
        "@antv/color-util": "^2.0.2",
        "@antv/dom-util": "^2.0.1",
        "@antv/event-emitter": "~0.1.0",
        "@antv/g": "~3.5.0-beta.1",
        "@antv/matrix-util": "^2.0.2",
        "@antv/path-util": "^2.0.3",
        "@antv/scale": "~0.3.0",
        "@antv/util": "~2.0.4"
      }
    },
    "@antv/coord": {
      "version": "0.2.3",
      "resolved": "https://registry.npm.taobao.org/@antv/coord/download/@antv/coord-0.2.3.tgz?cache=0&sync_timestamp=1577785100964&other_urls=https%3A%2F%2Fregistry.npm.taobao.org%2F%40antv%2Fcoord%2Fdownload%2F%40antv%2Fcoord-0.2.3.tgz",
      "integrity": "sha1-lc8s1FqYSyyClbmtL0nJsgR4oJw=",
      "requires": {
        "@antv/matrix-util": "~2.0.1-beta.1",
        "@antv/util": "~2.0.3",
        "tslib": "^1.10.0"
      }
    },
    "@antv/dom-util": {
      "version": "2.0.1",
      "resolved": "https://registry.npm.taobao.org/@antv/dom-util/download/@antv/dom-util-2.0.1.tgz",
      "integrity": "sha1-Rc9t6qNybGD+Q0Dm3z/p8MX9cuo="
    },
    "@antv/event-emitter": {
      "version": "0.1.1",
      "resolved": "https://registry.npm.taobao.org/@antv/event-emitter/download/@antv/event-emitter-0.1.1.tgz",
      "integrity": "sha1-XmyuQgavDjfrJDH8PNlBb42M0Gw="
    },
    "@antv/g": {
      "version": "3.5.0-beta.3",
      "resolved": "https://registry.npm.taobao.org/@antv/g/download/@antv/g-3.5.0-beta.3.tgz",
      "integrity": "sha1-ais72b0hQQkVlTdWjbZXOdhJHLM=",
      "requires": {
        "@antv/event-emitter": "^0.1.0",
        "@antv/gl-matrix": "~2.7.1",
        "@antv/util": "~1.3.1",
        "d3-ease": "~1.0.3",
        "d3-interpolate": "~1.1.5",
        "d3-timer": "~1.0.6",
        "detect-browser": "^4.6.0"
      },
      "dependencies": {
        "@antv/util": {
          "version": "1.3.1",
          "resolved": "https://registry.npm.taobao.org/@antv/util/download/@antv/util-1.3.1.tgz?cache=0&sync_timestamp=1572438102677&other_urls=https%3A%2F%2Fregistry.npm.taobao.org%2F%40antv%2Futil%2Fdownload%2F%40antv%2Futil-1.3.1.tgz",
          "integrity": "sha1-MKNLIB/5Em7A1YxyyBZqnD5kTM0=",
          "requires": {
            "@antv/gl-matrix": "^2.7.1"
          }
        }
      }
    },
    "@antv/g-gesture": {
      "version": "0.1.0",
      "resolved": "https://registry.npm.taobao.org/@antv/g-gesture/download/@antv/g-gesture-0.1.0.tgz",
      "integrity": "sha1-tJfOT1WLTZyYhdwqWXlOEqml60w=",
      "requires": {
        "@antv/event-emitter": "~0.1.0",
        "d3-ease": "^1.0.5"
      }
    },
    "@antv/g2": {
      "version": "3.6.0-beta.18",
      "resolved": "https://registry.npm.taobao.org/@antv/g2/download/@antv/g2-3.6.0-beta.18.tgz?cache=0&sync_timestamp=1581753225928&other_urls=https%3A%2F%2Fregistry.npm.taobao.org%2F%40antv%2Fg2%2Fdownload%2F%40antv%2Fg2-3.6.0-beta.18.tgz",
      "integrity": "sha1-LmTOGotvnpQFeBlI342j+ShRMAE=",
      "requires": {
        "@antv/adjust": "~0.2.0",
        "@antv/attr": "~0.3.1",
        "@antv/color-util": "^2.0.2",
        "@antv/component": "~0.4.0-beta.13",
        "@antv/coord": "~0.2.1",
        "@antv/dom-util": "^2.0.1",
        "@antv/event-emitter": "~0.1.0",
        "@antv/g": "~3.5.0-beta.1",
        "@antv/matrix-util": "^2.0.2",
        "@antv/path-util": "^2.0.2",
        "@antv/scale": "~0.3.0",
        "@antv/util": "~2.0.4"
      }
    },
    "@antv/g2plot": {
      "version": "0.11.31",
      "resolved": "https://registry.npm.taobao.org/@antv/g2plot/download/@antv/g2plot-0.11.31.tgz",
      "integrity": "sha1-4zuiBWEAfLjy4zglUfdVOv3NppM=",
      "requires": {
        "@antv/g-gesture": "~0.1.0",
        "@antv/g2": "~3.6.0-beta.18",
        "@antv/gui": "~0.1.0",
        "d3-regression": "^1.2.8",
        "fecha": "~4.1.0",
        "resize-observer-polyfill": "^1.5.1",
        "tslib": "^1.10.0"
      }
    },
    "@antv/gl-matrix": {
      "version": "2.7.1",
      "resolved": "https://registry.npm.taobao.org/@antv/gl-matrix/download/@antv/gl-matrix-2.7.1.tgz",
      "integrity": "sha1-rLjjf3qz3wE0WrpDcteUK+QuuhQ="
    },
    "@antv/gui": {
      "version": "0.1.0",
      "resolved": "https://registry.npm.taobao.org/@antv/gui/download/@antv/gui-0.1.0.tgz",
      "integrity": "sha1-iZ74aWOFWOptmSbu7kgr1bCXssM=",
      "requires": {
        "@antv/dom-util": "^2.0.1",
        "@antv/g": "~3.5.0-beta.1",
        "@antv/path-util": "^2.0.0",
        "@antv/scale": "~0.2.0",
        "@antv/util": "~2.0.0",
        "tslib": "^1.10.0"
      },
      "dependencies": {
        "@antv/scale": {
          "version": "0.2.3",
          "resolved": "https://registry.npm.taobao.org/@antv/scale/download/@antv/scale-0.2.3.tgz",
          "integrity": "sha1-0zSzbss+G22efWVvq5Ndx7iwLDw=",
          "requires": {
            "@antv/util": "~2.0.3",
            "moment": "^2.24.0",
            "tslib": "^1.10.0"
          }
        }
      }
    },
    "@antv/matrix-util": {
      "version": "2.0.4",
      "resolved": "https://registry.npm.taobao.org/@antv/matrix-util/download/@antv/matrix-util-2.0.4.tgz",
      "integrity": "sha1-E6bgjJNqN+5w7uK8cU1iBrIJvHA=",
      "requires": {
        "@antv/gl-matrix": "^2.7.1",
        "@antv/util": "~2.0.0",
        "tslib": "^1.10.0"
      }
    },
    "@antv/path-util": {
      "version": "2.0.4",
      "resolved": "https://registry.npm.taobao.org/@antv/path-util/download/@antv/path-util-2.0.4.tgz",
      "integrity": "sha1-0/SPmjjd5xI5HNy7rEKrd0LObNI=",
      "requires": {
        "@antv/util": "~2.0.0",
        "tslib": "^1.10.0"
      }
    },
    "@antv/scale": {
      "version": "0.3.0",
      "resolved": "https://registry.npm.taobao.org/@antv/scale/download/@antv/scale-0.3.0.tgz",
      "integrity": "sha1-f+j4NEmN2AX3RQ9uIn8qkwILtwU=",
      "requires": {
        "@antv/util": "~2.0.3",
        "fecha": "~3.0.3",
        "tslib": "^1.10.0"
      },
      "dependencies": {
        "fecha": {
          "version": "3.0.3",
          "resolved": "https://registry.npm.taobao.org/fecha/download/fecha-3.0.3.tgz",
          "integrity": "sha1-+rvUFkl2SaQsJNNL+nJrV5IDoeI="
        }
      }
    },
    "@antv/util": {
      "version": "2.0.6",
      "resolved": "https://registry.npm.taobao.org/@antv/util/download/@antv/util-2.0.6.tgz?cache=0&sync_timestamp=1572438102677&other_urls=https%3A%2F%2Fregistry.npm.taobao.org%2F%40antv%2Futil%2Fdownload%2F%40antv%2Futil-2.0.6.tgz",
      "integrity": "sha1-zwqX3jHUWUq1P0nrzbfe6F0+YA4=",
      "requires": {
        "tslib": "^1.10.0"
      }
    },
    "@types/history": {
      "version": "4.7.5",
      "resolved": "https://registry.npm.taobao.org/@types/history/download/@types/history-4.7.5.tgz",
      "integrity": "sha1-Un0g72hXGkrwLtdDUBZOemdUSGA="
    },
    "@types/prop-types": {
      "version": "15.7.3",
      "resolved": "https://registry.npm.taobao.org/@types/prop-types/download/@types/prop-types-15.7.3.tgz",
      "integrity": "sha1-KrDV2i5YFflLC51LldHl8kOrLKc="
    },
    "@types/react": {
      "version": "16.9.0",
      "resolved": "https://registry.npm.taobao.org/@types/react/download/@types/react-16.9.0.tgz?cache=0&sync_timestamp=1580843691560&other_urls=https%3A%2F%2Fregistry.npm.taobao.org%2F%40types%2Freact%2Fdownload%2F%40types%2Freact-16.9.0.tgz",
      "integrity": "sha1-J0NPFtiJozXrRibR8eZ+2lQDnls=",
      "requires": {
        "@types/prop-types": "*",
        "csstype": "^2.2.0"
      }
    },
    "@types/react-dom": {
      "version": "16.9.0",
      "resolved": "https://registry.npm.taobao.org/@types/react-dom/download/@types/react-dom-16.9.0.tgz?cache=0&sync_timestamp=1580843758523&other_urls=https%3A%2F%2Fregistry.npm.taobao.org%2F%40types%2Freact-dom%2Fdownload%2F%40types%2Freact-dom-16.9.0.tgz",
      "integrity": "sha1-um3bAL9d5wCw65HapFIIH/zL/eo=",
      "requires": {
        "@types/react": "*"
      }
    },
    "@types/react-router": {
      "version": "5.1.2",
      "resolved": "https://registry.npm.taobao.org/@types/react-router/download/@types/react-router-5.1.2.tgz",
      "integrity": "sha1-QeXmqjM6e5or/ax1PAThyks+DSE=",
      "requires": {
        "@types/history": "*",
        "@types/react": "*"
      }
    },
    "@types/react-router-dom": {
      "version": "5.1.2",
      "resolved": "https://registry.npm.taobao.org/@types/react-router-dom/download/@types/react-router-dom-5.1.2.tgz",
      "integrity": "sha1-hT8inx8pdRPAvoT3yRSgi3eM/fU=",
      "requires": {
        "@types/history": "*",
        "@types/react": "*",
        "@types/react-router": "*"
      }
    },
    "csstype": {
      "version": "2.6.8",
      "resolved": "https://registry.npm.taobao.org/csstype/download/csstype-2.6.8.tgz?cache=0&other_urls=https%3A%2F%2Fregistry.npm.taobao.org%2Fcsstype%2Fdownload%2Fcsstype-2.6.8.tgz",
      "integrity": "sha1-D7b8JBf/0oFqQYyTNtp01/B9tDE="
    },
    "d3-color": {
      "version": "1.4.0",
      "resolved": "https://registry.npm.taobao.org/d3-color/download/d3-color-1.4.0.tgz",
      "integrity": "sha1-icRamV7Xc7EzFPBkYN8m1gug7K8="
    },
    "d3-ease": {
      "version": "1.0.6",
      "resolved": "https://registry.npm.taobao.org/d3-ease/download/d3-ease-1.0.6.tgz",
      "integrity": "sha1-69ttoi36wKIiIvLU2gb2bEFqDsA="
    },
    "d3-interpolate": {
      "version": "1.1.6",
      "resolved": "https://registry.npm.taobao.org/d3-interpolate/download/d3-interpolate-1.1.6.tgz",
      "integrity": "sha1-LPOVriOBgE3wiqG/dmt/l7X2j7Y=",
      "requires": {
        "d3-color": "1"
      }
    },
    "d3-regression": {
      "version": "1.3.4",
      "resolved": "https://registry.npm.taobao.org/d3-regression/download/d3-regression-1.3.4.tgz",
      "integrity": "sha1-o0FLGr5aINRqII2V5WWkGL6aDiM="
    },
    "d3-timer": {
      "version": "1.0.10",
      "resolved": "https://registry.npm.taobao.org/d3-timer/download/d3-timer-1.0.10.tgz",
      "integrity": "sha1-3+dripF0iDGxO22ceT/71QjdneU="
    },
    "detect-browser": {
      "version": "4.8.0",
      "resolved": "https://registry.npm.taobao.org/detect-browser/download/detect-browser-4.8.0.tgz",
      "integrity": "sha1-HXO9iMF76GaQGVDOCqrh7QYJAsY="
    },
    "fecha": {
      "version": "4.1.0",
      "resolved": "https://registry.npm.taobao.org/fecha/download/fecha-4.1.0.tgz",
      "integrity": "sha1-x71Z5FUS5NAeOWtXH4PyGX+B3kA="
    },
    "moment": {
      "version": "2.24.0",
      "resolved": "https://registry.npm.taobao.org/moment/download/moment-2.24.0.tgz",
      "integrity": "sha1-DQVdU/UFKqZTyfbraLtdEr9cK1s="
    },
    "resize-observer-polyfill": {
      "version": "1.5.1",
      "resolved": "https://registry.npm.taobao.org/resize-observer-polyfill/download/resize-observer-polyfill-1.5.1.tgz",
      "integrity": "sha1-DpAg3T0hAkRY1OvSfiPkAmmBBGQ="
    },
    "tslib": {
      "version": "1.10.0",
      "resolved": "https://registry.npm.taobao.org/tslib/download/tslib-1.10.0.tgz",
      "integrity": "sha1-w8GflZc/sKYpc/sJ2Q2WHuQ+XIo="
    }
  }
}
