
Microsoft Visual Studio Solution File, Format Version 12.00
# Visual Studio Version 16
VisualStudioVersion = 16.0.28922.388
MinimumVisualStudioVersion = 10.0.40219.1
Project("{9A19103F-16F7-4668-BE54-9A1E7A4F7556}") = "MiaokitU3D", "MiaokitU3D.csproj", "{FAE3CCF5-B9B6-454E-A160-4FA35A3FA3FE}"
EndProject
Project("{D954291E-2A0B-460D-934E-DC6B0785DB48}") = "MiaokitCS", "..\Miaokit\MiaokitCS\MiaokitCS.shproj", "{7B7155F0-4069-47DE-A078-DE9C11A89FCC}"
EndProject
Global
	GlobalSection(SharedMSBuildProjectFiles) = preSolution
		..\Miaokit\MiaokitCS\MiaokitCS.projitems*{7b7155f0-4069-47de-a078-de9c11a89fcc}*SharedItemsImports = 13
	EndGlobalSection
	GlobalSection(SolutionConfigurationPlatforms) = preSolution
		Debug|Any CPU = Debug|Any CPU
		Release|Any CPU = Release|Any CPU
	EndGlobalSection
	GlobalSection(ProjectConfigurationPlatforms) = postSolution
		{FAE3CCF5-B9B6-454E-A160-4FA35A3FA3FE}.Debug|Any CPU.ActiveCfg = Debug|Any CPU
		{FAE3CCF5-B9B6-454E-A160-4FA35A3FA3FE}.Debug|Any CPU.Build.0 = Debug|Any CPU
		{FAE3CCF5-B9B6-454E-A160-4FA35A3FA3FE}.Release|Any CPU.ActiveCfg = Release|Any CPU
		{FAE3CCF5-B9B6-454E-A160-4FA35A3FA3FE}.Release|Any CPU.Build.0 = Release|Any CPU
	EndGlobalSection
	GlobalSection(SolutionProperties) = preSolution
		HideSolutionNode = FALSE
	EndGlobalSection
	GlobalSection(ExtensibilityGlobals) = postSolution
		SolutionGuid = {9F3C2759-7511-438B-BE22-2DD0B399C5A1}
	EndGlobalSection
EndGlobal
